{
    "_readme": [
        "This file locks the dependencies of your project to a known state",
        "Read more about it at https://getcomposer.org/doc/01-basic-usage.md#installing-dependencies",
        "This file is @generated automatically"
    ],
    "content-hash": "48ca2549f4c515a629fe5756f4733ab7",
    "packages": [
        {
            "name": "sdon2/ripcord",
            "version": "1.0.0",
            "source": {
                "type": "git",
                "url": "https://github.com/sdon2/ripcord.git",
                "reference": "0e71148e258d4d0298c0a7a45795c54527e18f1b"
            },
            "dist": {
                "type": "zip",
                "url": "https://api.github.com/repos/sdon2/ripcord/zipball/0e71148e258d4d0298c0a7a45795c54527e18f1b",
                "reference": "0e71148e258d4d0298c0a7a45795c54527e18f1b",
                "shasum": ""
            },
            "type": "library",
            "autoload": {
                "psr-4": {
                    "Ripcord\\": "src/"
                }
            },
            "notification-url": "https://packagist.org/downloads/",
            "license": [
                "MIT"
            ],
            "authors": [
                {
                    "name": "Saravanakumar Arumugam",
                    "email": "saravanakumar.a.o@gmail.com",
                    "homepage": "https://github.com/sdon2"
                }
            ],
            "description": "Simple XML-RPC API",
            "keywords": [
                "php",
                "xmlrpc",
                "xmlrpc-client"
            ],
            "support": {
                "issues": "https://github.com/sdon2/ripcord/issues",
                "source": "https://github.com/sdon2/ripcord/tree/v1.0.0"
            },
            "time": "2021-11-22T04:13:47+00:00"
        }
    ],
    "packages-dev": [],
    "aliases": [],
    "minimum-stability": "stable",
    "stability-flags": [],
    "prefer-stable": false,
    "prefer-lowest": false,
    "platform": [],
    "platform-dev": [],
    "plugin-api-version": "2.1.0"
}
